
Microsoft Visual Studio Solution File, Format Version 12.00
# Visual Studio Version 16
VisualStudioVersion = 16.0.30717.126
MinimumVisualStudioVersion = 10.0.40219.1
Project("{FAE04EC0-301F-11D3-BF4B-00C04F79EFBC}") = "IPVanish Checker", "IPVanish Checker\IPVanish Checker.csproj", "{19DF8601-8AD2-4C73-B142-6722C38345AC}"
EndProject
Global
	GlobalSection(SolutionConfigurationPlatforms) = preSolution
		Debug|Any CPU = Debug|Any CPU
		Release|Any CPU = Release|Any CPU
	EndGlobalSection
	GlobalSection(ProjectConfigurationPlatforms) = postSolution
		{19DF8601-8AD2-4C73-B142-6722C38345AC}.Debug|Any CPU.ActiveCfg = Debug|Any CPU
		{19DF8601-8AD2-4C73-B142-6722C38345AC}.Debug|Any CPU.Build.0 = Debug|Any CPU
		{19DF8601-8AD2-4C73-B142-6722C38345AC}.Release|Any CPU.ActiveCfg = Release|Any CPU
		{19DF8601-8AD2-4C73-B142-6722C38345AC}.Release|Any CPU.Build.0 = Release|Any CPU
	EndGlobalSection
	GlobalSection(SolutionProperties) = preSolution
		HideSolutionNode = FALSE
	EndGlobalSection
	GlobalSection(ExtensibilityGlobals) = postSolution
		SolutionGuid = {568F42B9-A5FE-49A5-898C-73B73113D68E}
	EndGlobalSection
EndGlobal
